
Microsoft Visual Studio Solution File, Format Version 12.00
# Visual Studio 15
VisualStudioVersion = 15.0.28307.421
MinimumVisualStudioVersion = 10.0.40219.1
Project("{9A19103F-16F7-4668-BE54-9A1E7A4F7556}") = "Beginners", "Beginners\Beginners.csproj", "{1C42EF10-1364-4DE7-8295-DB779B2A7BCB}"
EndProject
Project("{9A19103F-16F7-4668-BE54-9A1E7A4F7556}") = "VeriablesandConstants", "VeriablesandConstants\VeriablesandConstants.csproj", "{E610F27C-7B8D-4057-AB65-6874AAAAA19B}"
EndProject
Project("{9A19103F-16F7-4668-BE54-9A1E7A4F7556}") = "TypeConversion", "TypeConversion\TypeConversion.csproj", "{A9B398A2-0294-40FA-B168-8E84D460A9EF}"
EndProject
Project("{9A19103F-16F7-4668-BE54-9A1E7A4F7556}") = "Classes", "Classes\Classes.csproj", "{AE73A154-3499-4CEA-9344-648B16A4F2CB}"
EndProject
Project("{9A19103F-16F7-4668-BE54-9A1E7A4F7556}") = "Arrays", "Arrays\Arrays.csproj", "{BB99E274-240D-4DB9-96B7-48F0B8F1A4A0}"
EndProject
Project("{9A19103F-16F7-4668-BE54-9A1E7A4F7556}") = "Strings", "Strings\Strings.csproj", "{0EAE0441-1C35-4956-8CB1-046E5A2FEE83}"
EndProject
Project("{9A19103F-16F7-4668-BE54-9A1E7A4F7556}") = "CobaEnum", "Enum\CobaEnum.csproj", "{1354E2D8-721C-47E3-8F90-4FD91B3CA72B}"
EndProject
Project("{9A19103F-16F7-4668-BE54-9A1E7A4F7556}") = "ReferenceTypesandValueType", "ReferenceTypesandValueType\ReferenceTypesandValueType.csproj", "{FDE1B87E-19C2-48BA-A517-C00E0E85F603}"
EndProject
Project("{9A19103F-16F7-4668-BE54-9A1E7A4F7556}") = "ReferenceTypesandValueType2", "ReferenceTypesandValueType2\ReferenceTypesandValueType2.csproj", "{6B9B837B-1DCB-4E38-BAF2-C9E66629C8DB}"
EndProject
Project("{9A19103F-16F7-4668-BE54-9A1E7A4F7556}") = "IfElseandSwitchCase", "IfElseandSwitchCase\IfElseandSwitchCase.csproj", "{1B9C6C14-16A1-4989-AE23-0EE8DBC32E16}"
EndProject
Project("{9A19103F-16F7-4668-BE54-9A1E7A4F7556}") = "Latihan1", "Latihan1\Latihan1.csproj", "{853CEBB3-A40B-4345-9F22-FD6AF49CA929}"
EndProject
Project("{9A19103F-16F7-4668-BE54-9A1E7A4F7556}") = "Latihan2", "Latihan2\Latihan2.csproj", "{24F8F327-2D89-4091-A20D-569EE934D3F1}"
EndProject
Project("{9A19103F-16F7-4668-BE54-9A1E7A4F7556}") = "Latihan3", "Latihan3\Latihan3.csproj", "{48026F90-0668-46A4-B719-445C5193D1ED}"
EndProject
Project("{9A19103F-16F7-4668-BE54-9A1E7A4F7556}") = "Arrays2", "Arrays2\Arrays2.csproj", "{53462B1D-5405-4D53-9231-F2BA4AABDE21}"
EndProject
Project("{9A19103F-16F7-4668-BE54-9A1E7A4F7556}") = "List", "List\List.csproj", "{7BC557CE-8679-4AA2-848E-354F557605C8}"
EndProject
Project("{9A19103F-16F7-4668-BE54-9A1E7A4F7556}") = "Lists1", "Lists\Lists1.csproj", "{2400ECF4-C7B8-4F1E-91EF-ACD96832D83E}"
EndProject
Project("{9A19103F-16F7-4668-BE54-9A1E7A4F7556}") = "Lists2", "Lists2\Lists2.csproj", "{416A8214-FBEC-48EB-BF4E-683127056B65}"
EndProject
Project("{9A19103F-16F7-4668-BE54-9A1E7A4F7556}") = "Lists3", "Lists3\Lists3.csproj", "{3C98F1E0-0FA9-4768-A68E-8E7559AF5FA2}"
EndProject
Project("{9A19103F-16F7-4668-BE54-9A1E7A4F7556}") = "Lists4", "Lists4\Lists4.csproj", "{4FB22CE5-3DFA-45FE-97A1-7AC43FDACACE}"
EndProject
Project("{9A19103F-16F7-4668-BE54-9A1E7A4F7556}") = "Lists5", "Lists5\Lists5.csproj", "{D7242ECD-A4A8-41C8-AA58-C4AD490CD753}"
EndProject
Project("{9A19103F-16F7-4668-BE54-9A1E7A4F7556}") = "DateTimes", "DateTime\DateTimes.csproj", "{CFC89D12-6280-435D-B764-C8D79A375FC9}"
EndProject
Project("{9A19103F-16F7-4668-BE54-9A1E7A4F7556}") = "TimeSpans", "TimeSpan\TimeSpans.csproj", "{1806BC84-E5B7-4AFB-9B53-8DB8BDEDAACA}"
EndProject
Project("{9A19103F-16F7-4668-BE54-9A1E7A4F7556}") = "Coba_Strings", "Coba_Strings\Coba_Strings.csproj", "{14E00B1F-ED6E-4946-8867-10972E110670}"
EndProject
Project("{9A19103F-16F7-4668-BE54-9A1E7A4F7556}") = "Coba_String2", "Coba_String2\Coba_String2.csproj", "{E1B8F832-9CB1-4F1B-8942-E8AD47A9F76E}"
EndProject
Project("{9A19103F-16F7-4668-BE54-9A1E7A4F7556}") = "SringBuilder", "SringBuilder\SringBuilder.csproj", "{C987AFFC-7E10-47BE-AE48-3B2D29091C61}"
EndProject
Project("{9A19103F-16F7-4668-BE54-9A1E7A4F7556}") = "FileInfos", "FileInfos\FileInfos.csproj", "{3C9C0CDD-1981-4450-A2E7-FA8E38BFF738}"
EndProject
Project("{FAE04EC0-301F-11D3-BF4B-00C04F79EFBC}") = "Debugging", "Debugging\Debugging.csproj", "{597B1DD6-5BD9-49A3-9B5B-ABB76DF2F0CC}"
EndProject
Global
	GlobalSection(SolutionConfigurationPlatforms) = preSolution
		Debug|Any CPU = Debug|Any CPU
		Release|Any CPU = Release|Any CPU
	EndGlobalSection
	GlobalSection(ProjectConfigurationPlatforms) = postSolution
		{1C42EF10-1364-4DE7-8295-DB779B2A7BCB}.Debug|Any CPU.ActiveCfg = Debug|Any CPU
		{1C42EF10-1364-4DE7-8295-DB779B2A7BCB}.Debug|Any CPU.Build.0 = Debug|Any CPU
		{1C42EF10-1364-4DE7-8295-DB779B2A7BCB}.Release|Any CPU.ActiveCfg = Release|Any CPU
		{1C42EF10-1364-4DE7-8295-DB779B2A7BCB}.Release|Any CPU.Build.0 = Release|Any CPU
		{E610F27C-7B8D-4057-AB65-6874AAAAA19B}.Debug|Any CPU.ActiveCfg = Debug|Any CPU
		{E610F27C-7B8D-4057-AB65-6874AAAAA19B}.Debug|Any CPU.Build.0 = Debug|Any CPU
		{E610F27C-7B8D-4057-AB65-6874AAAAA19B}.Release|Any CPU.ActiveCfg = Release|Any CPU
		{E610F27C-7B8D-4057-AB65-6874AAAAA19B}.Release|Any CPU.Build.0 = Release|Any CPU
		{A9B398A2-0294-40FA-B168-8E84D460A9EF}.Debug|Any CPU.ActiveCfg = Debug|Any CPU
		{A9B398A2-0294-40FA-B168-8E84D460A9EF}.Debug|Any CPU.Build.0 = Debug|Any CPU
		{A9B398A2-0294-40FA-B168-8E84D460A9EF}.Release|Any CPU.ActiveCfg = Release|Any CPU
		{A9B398A2-0294-40FA-B168-8E84D460A9EF}.Release|Any CPU.Build.0 = Release|Any CPU
		{AE73A154-3499-4CEA-9344-648B16A4F2CB}.Debug|Any CPU.ActiveCfg = Debug|Any CPU
		{AE73A154-3499-4CEA-9344-648B16A4F2CB}.Debug|Any CPU.Build.0 = Debug|Any CPU
		{AE73A154-3499-4CEA-9344-648B16A4F2CB}.Release|Any CPU.ActiveCfg = Release|Any CPU
		{AE73A154-3499-4CEA-9344-648B16A4F2CB}.Release|Any CPU.Build.0 = Release|Any CPU
		{BB99E274-240D-4DB9-96B7-48F0B8F1A4A0}.Debug|Any CPU.ActiveCfg = Debug|Any CPU
		{BB99E274-240D-4DB9-96B7-48F0B8F1A4A0}.Debug|Any CPU.Build.0 = Debug|Any CPU
		{BB99E274-240D-4DB9-96B7-48F0B8F1A4A0}.Release|Any CPU.ActiveCfg = Release|Any CPU
		{BB99E274-240D-4DB9-96B7-48F0B8F1A4A0}.Release|Any CPU.Build.0 = Release|Any CPU
		{0EAE0441-1C35-4956-8CB1-046E5A2FEE83}.Debug|Any CPU.ActiveCfg = Debug|Any CPU
		{0EAE0441-1C35-4956-8CB1-046E5A2FEE83}.Debug|Any CPU.Build.0 = Debug|Any CPU
		{0EAE0441-1C35-4956-8CB1-046E5A2FEE83}.Release|Any CPU.ActiveCfg = Release|Any CPU
		{0EAE0441-1C35-4956-8CB1-046E5A2FEE83}.Release|Any CPU.Build.0 = Release|Any CPU
		{1354E2D8-721C-47E3-8F90-4FD91B3CA72B}.Debug|Any CPU.ActiveCfg = Debug|Any CPU
		{1354E2D8-721C-47E3-8F90-4FD91B3CA72B}.Debug|Any CPU.Build.0 = Debug|Any CPU
		{1354E2D8-721C-47E3-8F90-4FD91B3CA72B}.Release|Any CPU.ActiveCfg = Release|Any CPU
		{1354E2D8-721C-47E3-8F90-4FD91B3CA72B}.Release|Any CPU.Build.0 = Release|Any CPU
		{FDE1B87E-19C2-48BA-A517-C00E0E85F603}.Debug|Any CPU.ActiveCfg = Debug|Any CPU
		{FDE1B87E-19C2-48BA-A517-C00E0E85F603}.Debug|Any CPU.Build.0 = Debug|Any CPU
		{FDE1B87E-19C2-48BA-A517-C00E0E85F603}.Release|Any CPU.ActiveCfg = Release|Any CPU
		{FDE1B87E-19C2-48BA-A517-C00E0E85F603}.Release|Any CPU.Build.0 = Release|Any CPU
		{6B9B837B-1DCB-4E38-BAF2-C9E66629C8DB}.Debug|Any CPU.ActiveCfg = Debug|Any CPU
		{6B9B837B-1DCB-4E38-BAF2-C9E66629C8DB}.Debug|Any CPU.Build.0 = Debug|Any CPU
		{6B9B837B-1DCB-4E38-BAF2-C9E66629C8DB}.Release|Any CPU.ActiveCfg = Release|Any CPU
		{6B9B837B-1DCB-4E38-BAF2-C9E66629C8DB}.Release|Any CPU.Build.0 = Release|Any CPU
		{1B9C6C14-16A1-4989-AE23-0EE8DBC32E16}.Debug|Any CPU.ActiveCfg = Debug|Any CPU
		{1B9C6C14-16A1-4989-AE23-0EE8DBC32E16}.Debug|Any CPU.Build.0 = Debug|Any CPU
		{1B9C6C14-16A1-4989-AE23-0EE8DBC32E16}.Release|Any CPU.ActiveCfg = Release|Any CPU
		{1B9C6C14-16A1-4989-AE23-0EE8DBC32E16}.Release|Any CPU.Build.0 = Release|Any CPU
		{853CEBB3-A40B-4345-9F22-FD6AF49CA929}.Debug|Any CPU.ActiveCfg = Debug|Any CPU
		{853CEBB3-A40B-4345-9F22-FD6AF49CA929}.Debug|Any CPU.Build.0 = Debug|Any CPU
		{853CEBB3-A40B-4345-9F22-FD6AF49CA929}.Release|Any CPU.ActiveCfg = Release|Any CPU
		{853CEBB3-A40B-4345-9F22-FD6AF49CA929}.Release|Any CPU.Build.0 = Release|Any CPU
		{24F8F327-2D89-4091-A20D-569EE934D3F1}.Debug|Any CPU.ActiveCfg = Debug|Any CPU
		{24F8F327-2D89-4091-A20D-569EE934D3F1}.Debug|Any CPU.Build.0 = Debug|Any CPU
		{24F8F327-2D89-4091-A20D-569EE934D3F1}.Release|Any CPU.ActiveCfg = Release|Any CPU
		{24F8F327-2D89-4091-A20D-569EE934D3F1}.Release|Any CPU.Build.0 = Release|Any CPU
		{48026F90-0668-46A4-B719-445C5193D1ED}.Debug|Any CPU.ActiveCfg = Debug|Any CPU
		{48026F90-0668-46A4-B719-445C5193D1ED}.Debug|Any CPU.Build.0 = Debug|Any CPU
		{48026F90-0668-46A4-B719-445C5193D1ED}.Release|Any CPU.ActiveCfg = Release|Any CPU
		{48026F90-0668-46A4-B719-445C5193D1ED}.Release|Any CPU.Build.0 = Release|Any CPU
		{53462B1D-5405-4D53-9231-F2BA4AABDE21}.Debug|Any CPU.ActiveCfg = Debug|Any CPU
		{53462B1D-5405-4D53-9231-F2BA4AABDE21}.Debug|Any CPU.Build.0 = Debug|Any CPU
		{53462B1D-5405-4D53-9231-F2BA4AABDE21}.Release|Any CPU.ActiveCfg = Release|Any CPU
		{53462B1D-5405-4D53-9231-F2BA4AABDE21}.Release|Any CPU.Build.0 = Release|Any CPU
		{7BC557CE-8679-4AA2-848E-354F557605C8}.Debug|Any CPU.ActiveCfg = Debug|Any CPU
		{7BC557CE-8679-4AA2-848E-354F557605C8}.Debug|Any CPU.Build.0 = Debug|Any CPU
		{7BC557CE-8679-4AA2-848E-354F557605C8}.Release|Any CPU.ActiveCfg = Release|Any CPU
		{7BC557CE-8679-4AA2-848E-354F557605C8}.Release|Any CPU.Build.0 = Release|Any CPU
		{2400ECF4-C7B8-4F1E-91EF-ACD96832D83E}.Debug|Any CPU.ActiveCfg = Debug|Any CPU
		{2400ECF4-C7B8-4F1E-91EF-ACD96832D83E}.Debug|Any CPU.Build.0 = Debug|Any CPU
		{2400ECF4-C7B8-4F1E-91EF-ACD96832D83E}.Release|Any CPU.ActiveCfg = Release|Any CPU
		{2400ECF4-C7B8-4F1E-91EF-ACD96832D83E}.Release|Any CPU.Build.0 = Release|Any CPU
		{416A8214-FBEC-48EB-BF4E-683127056B65}.Debug|Any CPU.ActiveCfg = Debug|Any CPU
		{416A8214-FBEC-48EB-BF4E-683127056B65}.Debug|Any CPU.Build.0 = Debug|Any CPU
		{416A8214-FBEC-48EB-BF4E-683127056B65}.Release|Any CPU.ActiveCfg = Release|Any CPU
		{416A8214-FBEC-48EB-BF4E-683127056B65}.Release|Any CPU.Build.0 = Release|Any CPU
		{3C98F1E0-0FA9-4768-A68E-8E7559AF5FA2}.Debug|Any CPU.ActiveCfg = Debug|Any CPU
		{3C98F1E0-0FA9-4768-A68E-8E7559AF5FA2}.Debug|Any CPU.Build.0 = Debug|Any CPU
		{3C98F1E0-0FA9-4768-A68E-8E7559AF5FA2}.Release|Any CPU.ActiveCfg = Release|Any CPU
		{3C98F1E0-0FA9-4768-A68E-8E7559AF5FA2}.Release|Any CPU.Build.0 = Release|Any CPU
		{4FB22CE5-3DFA-45FE-97A1-7AC43FDACACE}.Debug|Any CPU.ActiveCfg = Debug|Any CPU
		{4FB22CE5-3DFA-45FE-97A1-7AC43FDACACE}.Debug|Any CPU.Build.0 = Debug|Any CPU
		{4FB22CE5-3DFA-45FE-97A1-7AC43FDACACE}.Release|Any CPU.ActiveCfg = Release|Any CPU
		{4FB22CE5-3DFA-45FE-97A1-7AC43FDACACE}.Release|Any CPU.Build.0 = Release|Any CPU
		{D7242ECD-A4A8-41C8-AA58-C4AD490CD753}.Debug|Any CPU.ActiveCfg = Debug|Any CPU
		{D7242ECD-A4A8-41C8-AA58-C4AD490CD753}.Debug|Any CPU.Build.0 = Debug|Any CPU
		{D7242ECD-A4A8-41C8-AA58-C4AD490CD753}.Release|Any CPU.ActiveCfg = Release|Any CPU
		{D7242ECD-A4A8-41C8-AA58-C4AD490CD753}.Release|Any CPU.Build.0 = Release|Any CPU
		{CFC89D12-6280-435D-B764-C8D79A375FC9}.Debug|Any CPU.ActiveCfg = Debug|Any CPU
		{CFC89D12-6280-435D-B764-C8D79A375FC9}.Debug|Any CPU.Build.0 = Debug|Any CPU
		{CFC89D12-6280-435D-B764-C8D79A375FC9}.Release|Any CPU.ActiveCfg = Release|Any CPU
		{CFC89D12-6280-435D-B764-C8D79A375FC9}.Release|Any CPU.Build.0 = Release|Any CPU
		{1806BC84-E5B7-4AFB-9B53-8DB8BDEDAACA}.Debug|Any CPU.ActiveCfg = Debug|Any CPU
		{1806BC84-E5B7-4AFB-9B53-8DB8BDEDAACA}.Debug|Any CPU.Build.0 = Debug|Any CPU
		{1806BC84-E5B7-4AFB-9B53-8DB8BDEDAACA}.Release|Any CPU.ActiveCfg = Release|Any CPU
		{1806BC84-E5B7-4AFB-9B53-8DB8BDEDAACA}.Release|Any CPU.Build.0 = Release|Any CPU
		{14E00B1F-ED6E-4946-8867-10972E110670}.Debug|Any CPU.ActiveCfg = Debug|Any CPU
		{14E00B1F-ED6E-4946-8867-10972E110670}.Debug|Any CPU.Build.0 = Debug|Any CPU
		{14E00B1F-ED6E-4946-8867-10972E110670}.Release|Any CPU.ActiveCfg = Release|Any CPU
		{14E00B1F-ED6E-4946-8867-10972E110670}.Release|Any CPU.Build.0 = Release|Any CPU
		{E1B8F832-9CB1-4F1B-8942-E8AD47A9F76E}.Debug|Any CPU.ActiveCfg = Debug|Any CPU
		{E1B8F832-9CB1-4F1B-8942-E8AD47A9F76E}.Debug|Any CPU.Build.0 = Debug|Any CPU
		{E1B8F832-9CB1-4F1B-8942-E8AD47A9F76E}.Release|Any CPU.ActiveCfg = Release|Any CPU
		{E1B8F832-9CB1-4F1B-8942-E8AD47A9F76E}.Release|Any CPU.Build.0 = Release|Any CPU
		{C987AFFC-7E10-47BE-AE48-3B2D29091C61}.Debug|Any CPU.ActiveCfg = Debug|Any CPU
		{C987AFFC-7E10-47BE-AE48-3B2D29091C61}.Debug|Any CPU.Build.0 = Debug|Any CPU
		{C987AFFC-7E10-47BE-AE48-3B2D29091C61}.Release|Any CPU.ActiveCfg = Release|Any CPU
		{C987AFFC-7E10-47BE-AE48-3B2D29091C61}.Release|Any CPU.Build.0 = Release|Any CPU
		{3C9C0CDD-1981-4450-A2E7-FA8E38BFF738}.Debug|Any CPU.ActiveCfg = Debug|Any CPU
		{3C9C0CDD-1981-4450-A2E7-FA8E38BFF738}.Debug|Any CPU.Build.0 = Debug|Any CPU
		{3C9C0CDD-1981-4450-A2E7-FA8E38BFF738}.Release|Any CPU.ActiveCfg = Release|Any CPU
		{3C9C0CDD-1981-4450-A2E7-FA8E38BFF738}.Release|Any CPU.Build.0 = Release|Any CPU
		{597B1DD6-5BD9-49A3-9B5B-ABB76DF2F0CC}.Debug|Any CPU.ActiveCfg = Debug|Any CPU
		{597B1DD6-5BD9-49A3-9B5B-ABB76DF2F0CC}.Debug|Any CPU.Build.0 = Debug|Any CPU
		{597B1DD6-5BD9-49A3-9B5B-ABB76DF2F0CC}.Release|Any CPU.ActiveCfg = Release|Any CPU
		{597B1DD6-5BD9-49A3-9B5B-ABB76DF2F0CC}.Release|Any CPU.Build.0 = Release|Any CPU
	EndGlobalSection
	GlobalSection(SolutionProperties) = preSolution
		HideSolutionNode = FALSE
	EndGlobalSection
	GlobalSection(ExtensibilityGlobals) = postSolution
		SolutionGuid = {B190DCEC-F0AC-4072-8BD2-D73795FE6E10}
	EndGlobalSection
EndGlobal
