
Microsoft Visual Studio Solution File, Format Version 12.00
# Visual Studio 15
VisualStudioVersion = 15.0.28307.421
MinimumVisualStudioVersion = 10.0.40219.1
Project("{FAE04EC0-301F-11D3-BF4B-00C04F79EFBC}") = "Beginners", "Beginners\Beginners.csproj", "{1C42EF10-1364-4DE7-8295-DB779B2A7BCB}"
EndProject
Project("{FAE04EC0-301F-11D3-BF4B-00C04F79EFBC}") = "VeriablesandConstants", "VeriablesandConstants\VeriablesandConstants.csproj", "{E610F27C-7B8D-4057-AB65-6874AAAAA19B}"
EndProject
Project("{FAE04EC0-301F-11D3-BF4B-00C04F79EFBC}") = "TypeConversion", "TypeConversion\TypeConversion.csproj", "{A9B398A2-0294-40FA-B168-8E84D460A9EF}"
EndProject
Global
	GlobalSection(SolutionConfigurationPlatforms) = preSolution
		Debug|Any CPU = Debug|Any CPU
		Release|Any CPU = Release|Any CPU
	EndGlobalSection
	GlobalSection(ProjectConfigurationPlatforms) = postSolution
		{1C42EF10-1364-4DE7-8295-DB779B2A7BCB}.Debug|Any CPU.ActiveCfg = Debug|Any CPU
		{1C42EF10-1364-4DE7-8295-DB779B2A7BCB}.Debug|Any CPU.Build.0 = Debug|Any CPU
		{1C42EF10-1364-4DE7-8295-DB779B2A7BCB}.Release|Any CPU.ActiveCfg = Release|Any CPU
		{1C42EF10-1364-4DE7-8295-DB779B2A7BCB}.Release|Any CPU.Build.0 = Release|Any CPU
		{E610F27C-7B8D-4057-AB65-6874AAAAA19B}.Debug|Any CPU.ActiveCfg = Debug|Any CPU
		{E610F27C-7B8D-4057-AB65-6874AAAAA19B}.Debug|Any CPU.Build.0 = Debug|Any CPU
		{E610F27C-7B8D-4057-AB65-6874AAAAA19B}.Release|Any CPU.ActiveCfg = Release|Any CPU
		{E610F27C-7B8D-4057-AB65-6874AAAAA19B}.Release|Any CPU.Build.0 = Release|Any CPU
		{A9B398A2-0294-40FA-B168-8E84D460A9EF}.Debug|Any CPU.ActiveCfg = Debug|Any CPU
		{A9B398A2-0294-40FA-B168-8E84D460A9EF}.Debug|Any CPU.Build.0 = Debug|Any CPU
		{A9B398A2-0294-40FA-B168-8E84D460A9EF}.Release|Any CPU.ActiveCfg = Release|Any CPU
		{A9B398A2-0294-40FA-B168-8E84D460A9EF}.Release|Any CPU.Build.0 = Release|Any CPU
	EndGlobalSection
	GlobalSection(SolutionProperties) = preSolution
		HideSolutionNode = FALSE
	EndGlobalSection
	GlobalSection(ExtensibilityGlobals) = postSolution
		SolutionGuid = {B190DCEC-F0AC-4072-8BD2-D73795FE6E10}
	EndGlobalSection
EndGlobal
